
Microsoft Visual Studio Solution File, Format Version 12.00
# Visual Studio Version 17
VisualStudioVersion = 17.9.34723.18
MinimumVisualStudioVersion = 10.0.40219.1
Project("{FAE04EC0-301F-11D3-BF4B-00C04F79EFBC}") = "exercicio3", "exercicio3\exercicio3.csproj", "{6CE2E058-E0BF-4B7F-8053-B620D7230289}"
EndProject
Global
	GlobalSection(SolutionConfigurationPlatforms) = preSolution
		Debug|Any CPU = Debug|Any CPU
		Release|Any CPU = Release|Any CPU
	EndGlobalSection
	GlobalSection(ProjectConfigurationPlatforms) = postSolution
		{6CE2E058-E0BF-4B7F-8053-B620D7230289}.Debug|Any CPU.ActiveCfg = Debug|Any CPU
		{6CE2E058-E0BF-4B7F-8053-B620D7230289}.Debug|Any CPU.Build.0 = Debug|Any CPU
		{6CE2E058-E0BF-4B7F-8053-B620D7230289}.Release|Any CPU.ActiveCfg = Release|Any CPU
		{6CE2E058-E0BF-4B7F-8053-B620D7230289}.Release|Any CPU.Build.0 = Release|Any CPU
	EndGlobalSection
	GlobalSection(SolutionProperties) = preSolution
		HideSolutionNode = FALSE
	EndGlobalSection
	GlobalSection(ExtensibilityGlobals) = postSolution
		SolutionGuid = {F57FC951-C7E8-417C-9CA3-4720C8ACE8E6}
	EndGlobalSection
EndGlobal
