
Microsoft Visual Studio Solution File, Format Version 12.00
# Visual Studio Version 17
VisualStudioVersion = 17.9.34723.18
MinimumVisualStudioVersion = 10.0.40219.1
Project("{FAE04EC0-301F-11D3-BF4B-00C04F79EFBC}") = "exercicio10", "exercicio10\exercicio10.csproj", "{5AB1B582-4755-4AAE-946D-9D9ACD78FF6B}"
EndProject
Global
	GlobalSection(SolutionConfigurationPlatforms) = preSolution
		Debug|Any CPU = Debug|Any CPU
		Release|Any CPU = Release|Any CPU
	EndGlobalSection
	GlobalSection(ProjectConfigurationPlatforms) = postSolution
		{5AB1B582-4755-4AAE-946D-9D9ACD78FF6B}.Debug|Any CPU.ActiveCfg = Debug|Any CPU
		{5AB1B582-4755-4AAE-946D-9D9ACD78FF6B}.Debug|Any CPU.Build.0 = Debug|Any CPU
		{5AB1B582-4755-4AAE-946D-9D9ACD78FF6B}.Release|Any CPU.ActiveCfg = Release|Any CPU
		{5AB1B582-4755-4AAE-946D-9D9ACD78FF6B}.Release|Any CPU.Build.0 = Release|Any CPU
	EndGlobalSection
	GlobalSection(SolutionProperties) = preSolution
		HideSolutionNode = FALSE
	EndGlobalSection
	GlobalSection(ExtensibilityGlobals) = postSolution
		SolutionGuid = {0B2603A1-086B-41EE-A584-1CFC3C5CAAC6}
	EndGlobalSection
EndGlobal
